
Microsoft Visual Studio Solution File, Format Version 12.00
# Visual Studio Express 2013 for Windows Desktop
VisualStudioVersion = 12.0.21005.1
MinimumVisualStudioVersion = 10.0.40219.1
Project("{8BC9CEB8-8B4A-11D0-8D11-00A0C91BC942}") = "C++ Lang Features", "C++ Lang Features.vcxproj", "{3D711B13-A65D-48D8-9FFD-538182120EED}"
EndProject
Project("{8BC9CEB8-8B4A-11D0-8D11-00A0C91BC942}") = "Templates", "..\Templates\Templates.vcxproj", "{1E863FD8-5D53-401B-A841-D00C4E22F189}"
EndProject
Project("{8BC9CEB8-8B4A-11D0-8D11-00A0C91BC942}") = "Move Semantics", "Move Semantics\Move Semantics.vcxproj", "{9E596F0C-5DF3-4F7C-B0C0-D7FC4B96323F}"
EndProject
Global
	GlobalSection(SolutionConfigurationPlatforms) = preSolution
		Debug|Win32 = Debug|Win32
		Release|Win32 = Release|Win32
	EndGlobalSection
	GlobalSection(ProjectConfigurationPlatforms) = postSolution
		{3D711B13-A65D-48D8-9FFD-538182120EED}.Debug|Win32.ActiveCfg = Debug|Win32
		{3D711B13-A65D-48D8-9FFD-538182120EED}.Debug|Win32.Build.0 = Debug|Win32
		{3D711B13-A65D-48D8-9FFD-538182120EED}.Release|Win32.ActiveCfg = Release|Win32
		{3D711B13-A65D-48D8-9FFD-538182120EED}.Release|Win32.Build.0 = Release|Win32
		{1E863FD8-5D53-401B-A841-D00C4E22F189}.Debug|Win32.ActiveCfg = Debug|Win32
		{1E863FD8-5D53-401B-A841-D00C4E22F189}.Debug|Win32.Build.0 = Debug|Win32
		{1E863FD8-5D53-401B-A841-D00C4E22F189}.Release|Win32.ActiveCfg = Release|Win32
		{1E863FD8-5D53-401B-A841-D00C4E22F189}.Release|Win32.Build.0 = Release|Win32
		{9E596F0C-5DF3-4F7C-B0C0-D7FC4B96323F}.Debug|Win32.ActiveCfg = Debug|Win32
		{9E596F0C-5DF3-4F7C-B0C0-D7FC4B96323F}.Debug|Win32.Build.0 = Debug|Win32
		{9E596F0C-5DF3-4F7C-B0C0-D7FC4B96323F}.Release|Win32.ActiveCfg = Release|Win32
		{9E596F0C-5DF3-4F7C-B0C0-D7FC4B96323F}.Release|Win32.Build.0 = Release|Win32
	EndGlobalSection
	GlobalSection(SolutionProperties) = preSolution
		HideSolutionNode = FALSE
	EndGlobalSection
EndGlobal
